
Microsoft Visual Studio Solution File, Format Version 12.00
# Visual Studio Version 16
VisualStudioVersion = 16.0.31729.503
MinimumVisualStudioVersion = 10.0.40219.1
Project("{FAE04EC0-301F-11D3-BF4B-00C04F79EFBC}") = "Algoritmo5", "Algoritmo5\Algoritmo5.csproj", "{DC5C968C-AF19-4EE3-A763-B1447EE8315D}"
EndProject
Global
	GlobalSection(SolutionConfigurationPlatforms) = preSolution
		Debug|Any CPU = Debug|Any CPU
		Release|Any CPU = Release|Any CPU
	EndGlobalSection
	GlobalSection(ProjectConfigurationPlatforms) = postSolution
		{DC5C968C-AF19-4EE3-A763-B1447EE8315D}.Debug|Any CPU.ActiveCfg = Debug|Any CPU
		{DC5C968C-AF19-4EE3-A763-B1447EE8315D}.Debug|Any CPU.Build.0 = Debug|Any CPU
		{DC5C968C-AF19-4EE3-A763-B1447EE8315D}.Release|Any CPU.ActiveCfg = Release|Any CPU
		{DC5C968C-AF19-4EE3-A763-B1447EE8315D}.Release|Any CPU.Build.0 = Release|Any CPU
	EndGlobalSection
	GlobalSection(SolutionProperties) = preSolution
		HideSolutionNode = FALSE
	EndGlobalSection
	GlobalSection(ExtensibilityGlobals) = postSolution
		SolutionGuid = {325101FF-8D86-47EA-9F44-F0135AB93FF9}
	EndGlobalSection
EndGlobal
