
Microsoft Visual Studio Solution File, Format Version 12.00
# Visual Studio Version 16
VisualStudioVersion = 16.0.30804.86
MinimumVisualStudioVersion = 10.0.40219.1
Project("{9A19103F-16F7-4668-BE54-9A1E7A4F7556}") = "Algoritmo27", "Algoritmo1\Algoritmo27.csproj", "{4D0F8DD7-26FC-4579-9D11-3A2E43E08663}"
EndProject
Global
	GlobalSection(SolutionConfigurationPlatforms) = preSolution
		Debug|Any CPU = Debug|Any CPU
		Release|Any CPU = Release|Any CPU
	EndGlobalSection
	GlobalSection(ProjectConfigurationPlatforms) = postSolution
		{4D0F8DD7-26FC-4579-9D11-3A2E43E08663}.Debug|Any CPU.ActiveCfg = Debug|Any CPU
		{4D0F8DD7-26FC-4579-9D11-3A2E43E08663}.Debug|Any CPU.Build.0 = Debug|Any CPU
		{4D0F8DD7-26FC-4579-9D11-3A2E43E08663}.Release|Any CPU.ActiveCfg = Release|Any CPU
		{4D0F8DD7-26FC-4579-9D11-3A2E43E08663}.Release|Any CPU.Build.0 = Release|Any CPU
	EndGlobalSection
	GlobalSection(SolutionProperties) = preSolution
		HideSolutionNode = FALSE
	EndGlobalSection
	GlobalSection(ExtensibilityGlobals) = postSolution
		SolutionGuid = {B62368D0-14E4-4B3C-ABF1-A61D022E06BB}
	EndGlobalSection
EndGlobal
