
Microsoft Visual Studio Solution File, Format Version 12.00
# Visual Studio Version 16
VisualStudioVersion = 16.0.31729.503
MinimumVisualStudioVersion = 10.0.40219.1
Project("{FAE04EC0-301F-11D3-BF4B-00C04F79EFBC}") = "Algoritmo11", "Algoritmo11\Algoritmo11.csproj", "{A48FF225-9F8D-428F-8FD8-75CA32521698}"
EndProject
Global
	GlobalSection(SolutionConfigurationPlatforms) = preSolution
		Debug|Any CPU = Debug|Any CPU
		Release|Any CPU = Release|Any CPU
	EndGlobalSection
	GlobalSection(ProjectConfigurationPlatforms) = postSolution
		{A48FF225-9F8D-428F-8FD8-75CA32521698}.Debug|Any CPU.ActiveCfg = Debug|Any CPU
		{A48FF225-9F8D-428F-8FD8-75CA32521698}.Debug|Any CPU.Build.0 = Debug|Any CPU
		{A48FF225-9F8D-428F-8FD8-75CA32521698}.Release|Any CPU.ActiveCfg = Release|Any CPU
		{A48FF225-9F8D-428F-8FD8-75CA32521698}.Release|Any CPU.Build.0 = Release|Any CPU
	EndGlobalSection
	GlobalSection(SolutionProperties) = preSolution
		HideSolutionNode = FALSE
	EndGlobalSection
	GlobalSection(ExtensibilityGlobals) = postSolution
		SolutionGuid = {AE15B074-B87F-40EC-B7EA-AC075D14A983}
	EndGlobalSection
EndGlobal
